
Microsoft Visual Studio Solution File, Format Version 12.00
# Visual Studio Version 16
VisualStudioVersion = 16.0.29609.76
MinimumVisualStudioVersion = 10.0.40219.1
Project("{FAE04EC0-301F-11D3-BF4B-00C04F79EFBC}") = "App2.Android", "App2\App2.Android\App2.Android.csproj", "{B16DB911-A1E4-4185-83E3-2108FFB8EFE7}"
EndProject
Project("{FAE04EC0-301F-11D3-BF4B-00C04F79EFBC}") = "App2", "App2\App2\App2.csproj", "{6F8579C6-2A33-4443-A59B-E1D23D6CA9D0}"
EndProject
Global
	GlobalSection(SolutionConfigurationPlatforms) = preSolution
		Debug|Any CPU = Debug|Any CPU
		Release|Any CPU = Release|Any CPU
	EndGlobalSection
	GlobalSection(ProjectConfigurationPlatforms) = postSolution
		{B16DB911-A1E4-4185-83E3-2108FFB8EFE7}.Debug|Any CPU.ActiveCfg = Debug|Any CPU
		{B16DB911-A1E4-4185-83E3-2108FFB8EFE7}.Debug|Any CPU.Build.0 = Debug|Any CPU
		{B16DB911-A1E4-4185-83E3-2108FFB8EFE7}.Debug|Any CPU.Deploy.0 = Debug|Any CPU
		{B16DB911-A1E4-4185-83E3-2108FFB8EFE7}.Release|Any CPU.ActiveCfg = Release|Any CPU
		{B16DB911-A1E4-4185-83E3-2108FFB8EFE7}.Release|Any CPU.Build.0 = Release|Any CPU
		{B16DB911-A1E4-4185-83E3-2108FFB8EFE7}.Release|Any CPU.Deploy.0 = Release|Any CPU
		{6F8579C6-2A33-4443-A59B-E1D23D6CA9D0}.Debug|Any CPU.ActiveCfg = Debug|Any CPU
		{6F8579C6-2A33-4443-A59B-E1D23D6CA9D0}.Debug|Any CPU.Build.0 = Debug|Any CPU
		{6F8579C6-2A33-4443-A59B-E1D23D6CA9D0}.Release|Any CPU.ActiveCfg = Release|Any CPU
		{6F8579C6-2A33-4443-A59B-E1D23D6CA9D0}.Release|Any CPU.Build.0 = Release|Any CPU
	EndGlobalSection
	GlobalSection(SolutionProperties) = preSolution
		HideSolutionNode = FALSE
	EndGlobalSection
	GlobalSection(ExtensibilityGlobals) = postSolution
		SolutionGuid = {A3E252FA-0393-475E-A9AB-A44B2C1D827C}
	EndGlobalSection
EndGlobal
